PODS:
  - Alamofire (5.7.1)
  - MBProgressHUD (1.2.0)

DEPENDENCIES:
  - Alamofire
  - MBProgressHUD

SPEC REPOS:
  trunk:
    - Alamofire
    - MBProgressHUD

SPEC CHECKSUMS:
  Alamofire: 0123a34370cb170936ae79a8df46cc62b2edeb88
  MBProgressHUD: 3ee5efcc380f6a79a7cc9b363dd669c5e1ae7406

PODFILE CHECKSUM: 48a70a66b81a30e48729be6f8483ac0835a50fb1

COCOAPODS: 1.12.1
